// !$*UTF8*$!
{
	archiveVersion = 1;
	classes = {
	};
	objectVersion = 46;
	objects = {

/* Begin PBXBuildFile section */
		84749C911DFA662700F5E5A3 /* AppDelegate.swift in Sources */ = {isa = PBXBuildFile; fileRef = 84749C901DFA662700F5E5A3 /* AppDelegate.swift */; };
		84749C931DFA662700F5E5A3 /* ViewController.swift in Sources */ = {isa = PBXBuildFile; fileRef = 84749C921DFA662700F5E5A3 /* ViewController.swift */; };
		84749C961DFA662700F5E5A3 /* Main.storyboard in Resources */ = {isa = PBXBuildFile; fileRef = 84749C941DFA662700F5E5A3 /* Main.storyboard */; };
		84749C981DFA662700F5E5A3 /* Assets.xcassets in Resources */ = {isa = PBXBuildFile; fileRef = 84749C971DFA662700F5E5A3 /* Assets.xcassets */; };
		84749C9B1DFA662700F5E5A3 /* LaunchScreen.storyboard in Resources */ = {isa = PBXBuildFile; fileRef = 84749C991DFA662700F5E5A3 /* LaunchScreen.storyboard */; };
		84749CA61DFA662700F5E5A3 /* WalkReporterTests.swift in Sources */ = {isa = PBXBuildFile; fileRef = 84749CA51DFA662700F5E5A3 /* WalkReporterTests.swift */; };
		84749CB11DFA662700F5E5A3 /* WalkReporterUITests.swift in Sources */ = {isa = PBXBuildFile; fileRef = 84749CB01DFA662700F5E5A3 /* WalkReporterUITests.swift */; };
/* End PBXBuildFile section */

/* Begin PBXContainerItemProxy section */
		84749CA21DFA662700F5E5A3 /* PBXContainerItemProxy */ = {
			isa = PBXContainerItemProxy;
			containerPortal = 84749C851DFA662700F5E5A3 /* Project object */;
			proxyType = 1;
			remoteGlobalIDString = 84749C8C1DFA662700F5E5A3;
			remoteInfo = WalkReporter;
		};
		84749CAD1DFA662700F5E5A3 /* PBXContainerItemProxy */ = {
			isa = PBXContainerItemProxy;
			containerPortal = 84749C851DFA662700F5E5A3 /* Project object */;
			proxyType = 1;
			remoteGlobalIDString = 84749C8C1DFA662700F5E5A3;
			remoteInfo = WalkReporter;
		};
/* End PBXContainerItemProxy section */

/* Begin PBXFileReference section */
		84749C8D1DFA662700F5E5A3 /* WalkReporter.app */ = {isa = PBXFileReference; explicitFileType = wrapper.application; includeInIndex = 0; path = WalkReporter.app; sourceTree = BUILT_PRODUCTS_DIR; };
		84749C901DFA662700F5E5A3 /* AppDelegate.swift */ = {isa = PBXFileReference; lastKnownFileType = sourcecode.swift; path = AppDelegate.swift; sourceTree = "<group>"; };
		84749C921DFA662700F5E5A3 /* ViewController.swift */ = {isa = PBXFileReference; lastKnownFileType = sourcecode.swift; path = ViewController.swift; sourceTree = "<group>"; };
		84749C951DFA662700F5E5A3 /* Base */ = {isa = PBXFileReference; lastKnownFileType = file.storyboard; name = Base; path = Base.lproj/Main.storyboard; sourceTree = "<group>"; };
		84749C971DFA662700F5E5A3 /* Assets.xcassets */ = {isa = PBXFileReference; lastKnownFileType = folder.assetcatalog; path = Assets.xcassets; sourceTree = "<group>"; };
		84749C9A1DFA662700F5E5A3 /* Base */ = {isa = PBXFileReference; lastKnownFileType = file.storyboard; name = Base; path = Base.lproj/LaunchScreen.storyboard; sourceTree = "<group>"; };
		84749C9C1DFA662700F5E5A3 /* Info.plist */ = {isa = PBXFileReference; lastKnownFileType = text.plist.xml; path = Info.plist; sourceTree = "<group>"; };
		84749CA11DFA662700F5E5A3 /* WalkReporterTests.xctest */ = {isa = PBXFileReference; explicitFileType = wrapper.cfbundle; includeInIndex = 0; path = WalkReporterTests.xctest; sourceTree = BUILT_PRODUCTS_DIR; };
		84749CA51DFA662700F5E5A3 /* WalkReporterTests.swift */ = {isa = PBXFileReference; lastKnownFileType = sourcecode.swift; path = WalkReporterTests.swift; sourceTree = "<group>"; };
		84749CA71DFA662700F5E5A3 /* Info.plist */ = {isa = PBXFileReference; lastKnownFileType = text.plist.xml; path = Info.plist; sourceTree = "<group>"; };
		84749CAC1DFA662700F5E5A3 /* WalkReporterUITests.xctest */ = {isa = PBXFileReference; explicitFileType = wrapper.cfbundle; includeInIndex = 0; path = WalkReporterUITests.xctest; sourceTree = BUILT_PRODUCTS_DIR; };
		84749CB01DFA662700F5E5A3 /* WalkReporterUITests.swift */ = {isa = PBXFileReference; lastKnownFileType = sourcecode.swift; path = WalkReporterUITests.swift; sourceTree = "<group>"; };
		84749CB21DFA662700F5E5A3 /* Info.plist */ = {isa = PBXFileReference; lastKnownFileType = text.plist.xml; path = Info.plist; sourceTree = "<group>"; };
/* End PBXFileReference section */

/* Begin PBXFrameworksBuildPhase section */
		84749C8A1DFA662700F5E5A3 /* Frameworks */ = {
			isa = PBXFrameworksBuildPhase;
			buildActionMask = 2147483647;
			files = (
			);
			runOnlyForDeploymentPostprocessing = 0;
		};
		84749C9E1DFA662700F5E5A3 /* Frameworks */ = {
			isa = PBXFrameworksBuildPhase;
			buildActionMask = 2147483647;
			files = (
			);
			runOnlyForDeploymentPostprocessing = 0;
		};
		84749CA91DFA662700F5E5A3 /* Frameworks */ = {
			isa = PBXFrameworksBuildPhase;
			buildActionMask = 2147483647;
			files = (
			);
			runOnlyForDeploymentPostprocessing = 0;
		};
/* End PBXFrameworksBuildPhase section */

/* Begin PBXGroup section */
		84749C841DFA662700F5E5A3 = {
			isa = PBXGroup;
			children = (
				84749C8F1DFA662700F5E5A3 /* WalkReporter */,
				84749CA41DFA662700F5E5A3 /* WalkReporterTests */,
				84749CAF1DFA662700F5E5A3 /* WalkReporterUITests */,
				84749C8E1DFA662700F5E5A3 /* Products */,
			);
			sourceTree = "<group>";
		};
		84749C8E1DFA662700F5E5A3 /* Products */ = {
			isa = PBXGroup;
			children = (
				84749C8D1DFA662700F5E5A3 /* WalkReporter.app */,
				84749CA11DFA662700F5E5A3 /* WalkReporterTests.xctest */,
				84749CAC1DFA662700F5E5A3 /* WalkReporterUITests.xctest */,
			);
			name = Products;
			sourceTree = "<group>";
		};
		84749C8F1DFA662700F5E5A3 /* WalkReporter */ = {
			isa = PBXGroup;
			children = (
				84749C901DFA662700F5E5A3 /* AppDelegate.swift */,
				84749C921DFA662700F5E5A3 /* ViewController.swift */,
				84749C941DFA662700F5E5A3 /* Main.storyboard */,
				84749C971DFA662700F5E5A3 /* Assets.xcassets */,
				84749C991DFA662700F5E5A3 /* LaunchScreen.storyboard */,
				84749C9C1DFA662700F5E5A3 /* Info.plist */,
			);
			path = WalkReporter;
			sourceTree = "<group>";
		};
		84749CA41DFA662700F5E5A3 /* WalkReporterTests */ = {
			isa = PBXGroup;
			children = (
				84749CA51DFA662700F5E5A3 /* WalkReporterTests.swift */,
				84749CA71DFA662700F5E5A3 /* Info.plist */,
			);
			path = WalkReporterTests;
			sourceTree = "<group>";
		};
		84749CAF1DFA662700F5E5A3 /* WalkReporterUITests */ = {
			isa = PBXGroup;
			children = (
				84749CB01DFA662700F5E5A3 /* WalkReporterUITests.swift */,
				84749CB21DFA662700F5E5A3 /* Info.plist */,
			);
			path = WalkReporterUITests;
			sourceTree = "<group>";
		};
/* End PBXGroup section */

/* Begin PBXNativeTarget section */
		84749C8C1DFA662700F5E5A3 /* WalkReporter */ = {
			isa = PBXNativeTarget;
			buildConfigurationList = 84749CB51DFA662700F5E5A3 /* Build configuration list for PBXNativeTarget "WalkReporter" */;
			buildPhases = (
				84749C891DFA662700F5E5A3 /* Sources */,
				84749C8A1DFA662700F5E5A3 /* Frameworks */,
				84749C8B1DFA662700F5E5A3 /* Resources */,
			);
			buildRules = (
			);
			dependencies = (
			);
			name = WalkReporter;
			productName = WalkReporter;
			productReference = 84749C8D1DFA662700F5E5A3 /* WalkReporter.app */;
			productType = "com.apple.product-type.application";
		};
		84749CA01DFA662700F5E5A3 /* WalkReporterTests */ = {
			isa = PBXNativeTarget;
			buildConfigurationList = 84749CB81DFA662700F5E5A3 /* Build configuration list for PBXNativeTarget "WalkReporterTests" */;
			buildPhases = (
				84749C9D1DFA662700F5E5A3 /* Sources */,
				84749C9E1DFA662700F5E5A3 /* Frameworks */,
				84749C9F1DFA662700F5E5A3 /* Resources */,
			);
			buildRules = (
			);
			dependencies = (
				84749CA31DFA662700F5E5A3 /* PBXTargetDependency */,
			);
			name = WalkReporterTests;
			productName = WalkReporterTests;
			productReference = 84749CA11DFA662700F5E5A3 /* WalkReporterTests.xctest */;
			productType = "com.apple.product-type.bundle.unit-test";
		};
		84749CAB1DFA662700F5E5A3 /* WalkReporterUITests */ = {
			isa = PBXNativeTarget;
			buildConfigurationList = 84749CBB1DFA662700F5E5A3 /* Build configuration list for PBXNativeTarget "WalkReporterUITests" */;
			buildPhases = (
				84749CA81DFA662700F5E5A3 /* Sources */,
				84749CA91DFA662700F5E5A3 /* Frameworks */,
				84749CAA1DFA662700F5E5A3 /* Resources */,
			);
			buildRules = (
			);
			dependencies = (
				84749CAE1DFA662700F5E5A3 /* PBXTargetDependency */,
			);
			name = WalkReporterUITests;
			productName = WalkReporterUITests;
			productReference = 84749CAC1DFA662700F5E5A3 /* WalkReporterUITests.xctest */;
			productType = "com.apple.product-type.bundle.ui-testing";
		};
/* End PBXNativeTarget section */

/* Begin PBXProject section */
		84749C851DFA662700F5E5A3 /* Project object */ = {
			isa = PBXProject;
			attributes = {
				LastSwiftUpdateCheck = 0810;
				LastUpgradeCheck = 0810;
				ORGANIZATIONNAME = "Vincent Yang";
				TargetAttributes = {
					84749C8C1DFA662700F5E5A3 = {
						CreatedOnToolsVersion = 8.1;
						ProvisioningStyle = Automatic;
					};
					84749CA01DFA662700F5E5A3 = {
						CreatedOnToolsVersion = 8.1;
						ProvisioningStyle = Automatic;
						TestTargetID = 84749C8C1DFA662700F5E5A3;
					};
					84749CAB1DFA662700F5E5A3 = {
						CreatedOnToolsVersion = 8.1;
						ProvisioningStyle = Automatic;
						TestTargetID = 84749C8C1DFA662700F5E5A3;
					};
				};
			};
			buildConfigurationList = 84749C881DFA662700F5E5A3 /* Build configuration list for PBXProject "WalkReporter" */;
			compatibilityVersion = "Xcode 3.2";
			developmentRegion = English;
			hasScannedForEncodings = 0;
			knownRegions = (
				en,
				Base,
			);
			mainGroup = 84749C841DFA662700F5E5A3;
			productRefGroup = 84749C8E1DFA662700F5E5A3 /* Products */;
			projectDirPath = "";
			projectRoot = "";
			targets = (
				84749C8C1DFA662700F5E5A3 /* WalkReporter */,
				84749CA01DFA662700F5E5A3 /* WalkReporterTests */,
				84749CAB1DFA662700F5E5A3 /* WalkReporterUITests */,
			);
		};
/* End PBXProject section */

/* Begin PBXResourcesBuildPhase section */
		84749C8B1DFA662700F5E5A3 /* Resources */ = {
			isa = PBXResourcesBuildPhase;
			buildActionMask = 2147483647;
			files = (
				84749C9B1DFA662700F5E5A3 /* LaunchScreen.storyboard in Resources */,
				84749C981DFA662700F5E5A3 /* Assets.xcassets in Resources */,
				84749C961DFA662700F5E5A3 /* Main.storyboard in Resources */,
			);
			runOnlyForDeploymentPostprocessing = 0;
		};
		84749C9F1DFA662700F5E5A3 /* Resources */ = {
			isa = PBXResourcesBuildPhase;
			buildActionMask = 2147483647;
			files = (
			);
			runOnlyForDeploymentPostprocessing = 0;
		};
		84749CAA1DFA662700F5E5A3 /* Resources */ = {
			isa = PBXResourcesBuildPhase;
			buildActionMask = 2147483647;
			files = (
			);
			runOnlyForDeploymentPostprocessing = 0;
		};
/* End PBXResourcesBuildPhase section */

/* Begin PBXSourcesBuildPhase section */
		84749C891DFA662700F5E5A3 /* Sources */ = {
			isa = PBXSourcesBuildPhase;
			buildActionMask = 2147483647;
			files = (
				84749C931DFA662700F5E5A3 /* ViewController.swift in Sources */,
				84749C911DFA662700F5E5A3 /* AppDelegate.swift in Sources */,
			);
			runOnlyForDeploymentPostprocessing = 0;
		};
		84749C9D1DFA662700F5E5A3 /* Sources */ = {
			isa = PBXSourcesBuildPhase;
			buildActionMask = 2147483647;
			files = (
				84749CA61DFA662700F5E5A3 /* WalkReporterTests.swift in Sources */,
			);
			runOnlyForDeploymentPostprocessing = 0;
		};
		84749CA81DFA662700F5E5A3 /* Sources */ = {
			isa = PBXSourcesBuildPhase;
			buildActionMask = 2147483647;
			files = (
				84749CB11DFA662700F5E5A3 /* WalkReporterUITests.swift in Sources */,
			);
			runOnlyForDeploymentPostprocessing = 0;
		};
/* End PBXSourcesBuildPhase section */

/* Begin PBXTargetDependency section */
		84749CA31DFA662700F5E5A3 /* PBXTargetDependency */ = {
			isa = PBXTargetDependency;
			target = 84749C8C1DFA662700F5E5A3 /* WalkReporter */;
			targetProxy = 84749CA21DFA662700F5E5A3 /* PBXContainerItemProxy */;
		};
		84749CAE1DFA662700F5E5A3 /* PBXTargetDependency */ = {
			isa = PBXTargetDependency;
			target = 84749C8C1DFA662700F5E5A3 /* WalkReporter */;
			targetProxy = 84749CAD1DFA662700F5E5A3 /* PBXContainerItemProxy */;
		};
/* End PBXTargetDependency section */

/* Begin PBXVariantGroup section */
		84749C941DFA662700F5E5A3 /* Main.storyboard */ = {
			isa = PBXVariantGroup;
			children = (
				84749C951DFA662700F5E5A3 /* Base */,
			);
			name = Main.storyboard;
			sourceTree = "<group>";
		};
		84749C991DFA662700F5E5A3 /* LaunchScreen.storyboard */ = {
			isa = PBXVariantGroup;
			children = (
				84749C9A1DFA662700F5E5A3 /* Base */,
			);
			name = LaunchScreen.storyboard;
			sourceTree = "<group>";
		};
/* End PBXVariantGroup section */

/* Begin XCBuildConfiguration section */
		84749CB31DFA662700F5E5A3 /* Debug */ = {
			isa = XCBuildConfiguration;
			buildSettings = {
				ALWAYS_SEARCH_USER_PATHS = NO;
				CLANG_ANALYZER_NONNULL = YES;
				CLANG_CXX_LANGUAGE_STANDARD = "gnu++0x";
				CLANG_CXX_LIBRARY = "libc++";
				CLANG_ENABLE_MODULES = YES;
				CLANG_ENABLE_OBJC_ARC = YES;
				CLANG_WARN_BOOL_CONVERSION = YES;
				CLANG_WARN_CONSTANT_CONVERSION = YES;
				CLANG_WARN_DIRECT_OBJC_ISA_USAGE = YES_ERROR;
				CLANG_WARN_DOCUMENTATION_COMMENTS = YES;
				CLANG_WARN_EMPTY_BODY = YES;
				CLANG_WARN_ENUM_CONVERSION = YES;
				CLANG_WARN_INFINITE_RECURSION = YES;
				CLANG_WARN_INT_CONVERSION = YES;
				CLANG_WARN_OBJC_ROOT_CLASS = YES_ERROR;
				CLANG_WARN_SUSPICIOUS_MOVES = YES;
				CLANG_WARN_UNREACHABLE_CODE = YES;
				CLANG_WARN__DUPLICATE_METHOD_MATCH = YES;
				"CODE_SIGN_IDENTITY[sdk=iphoneos*]" = "iPhone Developer";
				COPY_PHASE_STRIP = NO;
				DEBUG_INFORMATION_FORMAT = dwarf;
				ENABLE_STRICT_OBJC_MSGSEND = YES;
				ENABLE_TESTABILITY = YES;
				GCC_C_LANGUAGE_STANDARD = gnu99;
				GCC_DYNAMIC_NO_PIC = NO;
				GCC_NO_COMMON_BLOCKS = YES;
				GCC_OPTIMIZATION_LEVEL = 0;
				GCC_PREPROCESSOR_DEFINITIONS = (
					"DEBUG=1",
					"$(inherited)",
				);
				GCC_WARN_64_TO_32_BIT_CONVERSION = YES;
				GCC_WARN_ABOUT_RETURN_TYPE = YES_ERROR;
				GCC_WARN_UNDECLARED_SELECTOR = YES;
				GCC_WARN_UNINITIALIZED_AUTOS = YES_AGGRESSIVE;
				GCC_WARN_UNUSED_FUNCTION = YES;
				GCC_WARN_UNUSED_VARIABLE = YES;
				IPHONEOS_DEPLOYMENT_TARGET = 10.1;
				MTL_ENABLE_DEBUG_INFO = YES;
				ONLY_ACTIVE_ARCH = YES;
				SDKROOT = iphoneos;
				SWIFT_ACTIVE_COMPILATION_CONDITIONS = DEBUG;
				SWIFT_OPTIMIZATION_LEVEL = "-Onone";
			};
			name = Debug;
		};
		84749CB41DFA662700F5E5A3 /* Release */ = {
			isa = XCBuildConfiguration;
			buildSettings = {
				ALWAYS_SEARCH_USER_PATHS = NO;
				CLANG_ANALYZER_NONNULL = YES;
				CLANG_CXX_LANGUAGE_STANDARD = "gnu++0x";
				CLANG_CXX_LIBRARY = "libc++";
				CLANG_ENABLE_MODULES = YES;
				CLANG_ENABLE_OBJC_ARC = YES;
				CLANG_WARN_BOOL_CONVERSION = YES;
				CLANG_WARN_CONSTANT_CONVERSION = YES;
				CLANG_WARN_DIRECT_OBJC_ISA_USAGE = YES_ERROR;
				CLANG_WARN_DOCUMENTATION_COMMENTS = YES;
				CLANG_WARN_EMPTY_BODY = YES;
				CLANG_WARN_ENUM_CONVERSION = YES;
				CLANG_WARN_INFINITE_RECURSION = YES;
				CLANG_WARN_INT_CONVERSION = YES;
				CLANG_WARN_OBJC_ROOT_CLASS = YES_ERROR;
				CLANG_WARN_SUSPICIOUS_MOVES = YES;
				CLANG_WARN_UNREACHABLE_CODE = YES;
				CLANG_WARN__DUPLICATE_METHOD_MATCH = YES;
				"CODE_SIGN_IDENTITY[sdk=iphoneos*]" = "iPhone Developer";
				COPY_PHASE_STRIP = NO;
				DEBUG_INFORMATION_FORMAT = "dwarf-with-dsym";
				ENABLE_NS_ASSERTIONS = NO;
				ENABLE_STRICT_OBJC_MSGSEND = YES;
				GCC_C_LANGUAGE_STANDARD = gnu99;
				GCC_NO_COMMON_BLOCKS = YES;
				GCC_WARN_64_TO_32_BIT_CONVERSION = YES;
				GCC_WARN_ABOUT_RETURN_TYPE = YES_ERROR;
				GCC_WARN_UNDECLARED_SELECTOR = YES;
				GCC_WARN_UNINITIALIZED_AUTOS = YES_AGGRESSIVE;
				GCC_WARN_UNUSED_FUNCTION = YES;
				GCC_WARN_UNUSED_VARIABLE = YES;
				IPHONEOS_DEPLOYMENT_TARGET = 10.1;
				MTL_ENABLE_DEBUG_INFO = NO;
				SDKROOT = iphoneos;
				SWIFT_OPTIMIZATION_LEVEL = "-Owholemodule";
				VALIDATE_PRODUCT = YES;
			};
			name = Release;
		};
		84749CB61DFA662700F5E5A3 /* Debug */ = {
			isa = XCBuildConfiguration;
			buildSettings = {
				ASSETCATALOG_COMPILER_APPICON_NAME = AppIcon;
				INFOPLIST_FILE = WalkReporter/Info.plist;
				LD_RUNPATH_SEARCH_PATHS = "$(inherited) @executable_path/Frameworks";
				PRODUCT_BUNDLE_IDENTIFIER = com.yang.vincent.WalkReporter;
				PRODUCT_NAME = "$(TARGET_NAME)";
				SWIFT_VERSION = 3.0;
			};
			name = Debug;
		};
		84749CB71DFA662700F5E5A3 /* Release */ = {
			isa = XCBuildConfiguration;
			buildSettings = {
				ASSETCATALOG_COMPILER_APPICON_NAME = AppIcon;
				INFOPLIST_FILE = WalkReporter/Info.plist;
				LD_RUNPATH_SEARCH_PATHS = "$(inherited) @executable_path/Frameworks";
				PRODUCT_BUNDLE_IDENTIFIER = com.yang.vincent.WalkReporter;
				PRODUCT_NAME = "$(TARGET_NAME)";
				SWIFT_VERSION = 3.0;
			};
			name = Release;
		};
		84749CB91DFA662700F5E5A3 /* Debug */ = {
			isa = XCBuildConfiguration;
			buildSettings = {
				ALWAYS_EMBED_SWIFT_STANDARD_LIBRARIES = YES;
				BUNDLE_LOADER = "$(TEST_HOST)";
				INFOPLIST_FILE = WalkReporterTests/Info.plist;
				LD_RUNPATH_SEARCH_PATHS = "$(inherited) @executable_path/Frameworks @loader_path/Frameworks";
				PRODUCT_BUNDLE_IDENTIFIER = com.yang.vincent.WalkReporterTests;
				PRODUCT_NAME = "$(TARGET_NAME)";
				SWIFT_VERSION = 3.0;
				TEST_HOST = "$(BUILT_PRODUCTS_DIR)/WalkReporter.app/WalkReporter";
			};
			name = Debug;
		};
		84749CBA1DFA662700F5E5A3 /* Release */ = {
			isa = XCBuildConfiguration;
			buildSettings = {
				ALWAYS_EMBED_SWIFT_STANDARD_LIBRARIES = YES;
				BUNDLE_LOADER = "$(TEST_HOST)";
				INFOPLIST_FILE = WalkReporterTests/Info.plist;
				LD_RUNPATH_SEARCH_PATHS = "$(inherited) @executable_path/Frameworks @loader_path/Frameworks";
				PRODUCT_BUNDLE_IDENTIFIER = com.yang.vincent.WalkReporterTests;
				PRODUCT_NAME = "$(TARGET_NAME)";
				SWIFT_VERSION = 3.0;
				TEST_HOST = "$(BUILT_PRODUCTS_DIR)/WalkReporter.app/WalkReporter";
			};
			name = Release;
		};
		84749CBC1DFA662700F5E5A3 /* Debug */ = {
			isa = XCBuildConfiguration;
			buildSettings = {
				ALWAYS_EMBED_SWIFT_STANDARD_LIBRARIES = YES;
				INFOPLIST_FILE = WalkReporterUITests/Info.plist;
				LD_RUNPATH_SEARCH_PATHS = "$(inherited) @executable_path/Frameworks @loader_path/Frameworks";
				PRODUCT_BUNDLE_IDENTIFIER = com.yang.vincent.WalkReporterUITests;
				PRODUCT_NAME = "$(TARGET_NAME)";
				SWIFT_VERSION = 3.0;
				TEST_TARGET_NAME = WalkReporter;
			};
			name = Debug;
		};
		84749CBD1DFA662700F5E5A3 /* Release */ = {
			isa = XCBuildConfiguration;
			buildSettings = {
				ALWAYS_EMBED_SWIFT_STANDARD_LIBRARIES = YES;
				INFOPLIST_FILE = WalkReporterUITests/Info.plist;
				LD_RUNPATH_SEARCH_PATHS = "$(inherited) @executable_path/Frameworks @loader_path/Frameworks";
				PRODUCT_BUNDLE_IDENTIFIER = com.yang.vincent.WalkReporterUITests;
				PRODUCT_NAME = "$(TARGET_NAME)";
				SWIFT_VERSION = 3.0;
				TEST_TARGET_NAME = WalkReporter;
			};
			name = Release;
		};
/* End XCBuildConfiguration section */

/* Begin XCConfigurationList section */
		84749C881DFA662700F5E5A3 /* Build configuration list for PBXProject "WalkReporter" */ = {
			isa = XCConfigurationList;
			buildConfigurations = (
				84749CB31DFA662700F5E5A3 /* Debug */,
				84749CB41DFA662700F5E5A3 /* Release */,
			);
			defaultConfigurationIsVisible = 0;
			defaultConfigurationName = Release;
		};
		84749CB51DFA662700F5E5A3 /* Build configuration list for PBXNativeTarget "WalkReporter" */ = {
			isa = XCConfigurationList;
			buildConfigurations = (
				84749CB61DFA662700F5E5A3 /* Debug */,
				84749CB71DFA662700F5E5A3 /* Release */,
			);
			defaultConfigurationIsVisible = 0;
		};
		84749CB81DFA662700F5E5A3 /* Build configuration list for PBXNativeTarget "WalkReporterTests" */ = {
			isa = XCConfigurationList;
			buildConfigurations = (
				84749CB91DFA662700F5E5A3 /* Debug */,
				84749CBA1DFA662700F5E5A3 /* Release */,
			);
			defaultConfigurationIsVisible = 0;
		};
		84749CBB1DFA662700F5E5A3 /* Build configuration list for PBXNativeTarget "WalkReporterUITests" */ = {
			isa = XCConfigurationList;
			buildConfigurations = (
				84749CBC1DFA662700F5E5A3 /* Debug */,
				84749CBD1DFA662700F5E5A3 /* Release */,
			);
			defaultConfigurationIsVisible = 0;
		};
/* End XCConfigurationList section */
	};
	rootObject = 84749C851DFA662700F5E5A3 /* Project object */;
}
